schema: '2.0'
stages:
  train_model:
    cmd: python src/train.py
    deps:
    - path: data/iris.csv
      hash: md5
      md5: bab8c78b12bd4b32b7964f775ed5a24d
      size: 4617
    - path: src/train.py
      hash: md5
      md5: 9bf240c45c0ab0d25a8f6f383c45210b
      size: 540
    outs:
    - path: metrics.txt
      hash: md5
      md5: 7195a2195dffd9c99482886d24f5b0db
      size: 27
    - path: models/model.pkl
      hash: md5
      md5: 5e20702b0638e82e45a6067cd5dbc469
      size: 177174
